
Microsoft Visual Studio Solution File, Format Version 12.00
# Visual Studio Version 16
VisualStudioVersion = 16.0.31515.178
MinimumVisualStudioVersion = 10.0.40219.1
Project("{8BC9CEB8-8B4A-11D0-8D11-00A0C91BC942}") = "EasyWindows", "EasyWindows\EasyWindows.vcxproj", "{C11A2CAE-A15C-4DCF-B7FA-7955DA46BC7C}"
EndProject
Project("{8BC9CEB8-8B4A-11D0-8D11-00A0C91BC942}") = "TestEasyWindows", "TestEasyWindows\TestEasyWindows.vcxproj", "{0B5D9632-BC76-42AF-8879-87280E907A3F}"
EndProject
Global
	GlobalSection(SolutionConfigurationPlatforms) = preSolution
		Debug|x64 = Debug|x64
		Debug|x86 = Debug|x86
		Release|x64 = Release|x64
		Release|x86 = Release|x86
	EndGlobalSection
	GlobalSection(ProjectConfigurationPlatforms) = postSolution
		{C11A2CAE-A15C-4DCF-B7FA-7955DA46BC7C}.Debug|x64.ActiveCfg = Debug|x64
		{C11A2CAE-A15C-4DCF-B7FA-7955DA46BC7C}.Debug|x64.Build.0 = Debug|x64
		{C11A2CAE-A15C-4DCF-B7FA-7955DA46BC7C}.Debug|x86.ActiveCfg = Debug|Win32
		{C11A2CAE-A15C-4DCF-B7FA-7955DA46BC7C}.Debug|x86.Build.0 = Debug|Win32
		{C11A2CAE-A15C-4DCF-B7FA-7955DA46BC7C}.Release|x64.ActiveCfg = Release|x64
		{C11A2CAE-A15C-4DCF-B7FA-7955DA46BC7C}.Release|x64.Build.0 = Release|x64
		{C11A2CAE-A15C-4DCF-B7FA-7955DA46BC7C}.Release|x86.ActiveCfg = Release|Win32
		{C11A2CAE-A15C-4DCF-B7FA-7955DA46BC7C}.Release|x86.Build.0 = Release|Win32
		{0B5D9632-BC76-42AF-8879-87280E907A3F}.Debug|x64.ActiveCfg = Debug|x64
		{0B5D9632-BC76-42AF-8879-87280E907A3F}.Debug|x64.Build.0 = Debug|x64
		{0B5D9632-BC76-42AF-8879-87280E907A3F}.Debug|x86.ActiveCfg = Debug|Win32
		{0B5D9632-BC76-42AF-8879-87280E907A3F}.Debug|x86.Build.0 = Debug|Win32
		{0B5D9632-BC76-42AF-8879-87280E907A3F}.Release|x64.ActiveCfg = Release|x64
		{0B5D9632-BC76-42AF-8879-87280E907A3F}.Release|x64.Build.0 = Release|x64
		{0B5D9632-BC76-42AF-8879-87280E907A3F}.Release|x86.ActiveCfg = Release|Win32
		{0B5D9632-BC76-42AF-8879-87280E907A3F}.Release|x86.Build.0 = Release|Win32
	EndGlobalSection
	GlobalSection(SolutionProperties) = preSolution
		HideSolutionNode = FALSE
	EndGlobalSection
	GlobalSection(ExtensibilityGlobals) = postSolution
		SolutionGuid = {D002E773-C2A2-4723-8C62-96668F6A1DE6}
	EndGlobalSection
EndGlobal
